
Microsoft Visual Studio Solution File, Format Version 12.00
# Visual Studio 15
VisualStudioVersion = 15.0.26124.0
MinimumVisualStudioVersion = 15.0.26124.0
Project("{FAE04EC0-301F-11D3-BF4B-00C04F79EFBC}") = "Kavita.Common", "Kavita.Common\Kavita.Common.csproj", "{165A86F5-9E74-4C05-9305-A6F0BA32C9EE}"
EndProject
Project("{FAE04EC0-301F-11D3-BF4B-00C04F79EFBC}") = "Kavita.API", "Kavita.API\Kavita.API.csproj", "{EE9A11A3-13B4-4F9D-88E4-6F5B64AC7D33}"
EndProject
Project("{FAE04EC0-301F-11D3-BF4B-00C04F79EFBC}") = "Kavita.Models", "Kavita.Models\Kavita.Models.csproj", "{CD8DDFB7-2B7B-4B0A-8424-60E0B349CED0}"
EndProject
Project("{FAE04EC0-301F-11D3-BF4B-00C04F79EFBC}") = "Kavita.Benchmark", "Kavita.Benchmark\Kavita.Benchmark.csproj", "{F1A897D2-11E3-4193-A8C8-641318E06086}"
EndProject
Project("{FAE04EC0-301F-11D3-BF4B-00C04F79EFBC}") = "Kavita.Services", "Kavita.Services\Kavita.Services.csproj", "{B997BBF5-4935-477A-8D81-821A45DD8AEC}"
EndProject
Project("{FAE04EC0-301F-11D3-BF4B-00C04F79EFBC}") = "Kavita.Database", "Kavita.Database\Kavita.Database.csproj", "{A39C2D28-E492-4609-90A7-A8EB33A0933A}"
EndProject
Project("{FAE04EC0-301F-11D3-BF4B-00C04F79EFBC}") = "Kavita.Common.Tests", "Kavita.Common.Tests\Kavita.Common.Tests.csproj", "{B12ABD71-5079-4AD1-B777-8911E062D966}"
EndProject
Project("{FAE04EC0-301F-11D3-BF4B-00C04F79EFBC}") = "Kavita.Database.Tests", "Kavita.Database.Tests\Kavita.Database.Tests.csproj", "{7750FE50-5EAF-412E-AF2E-570E53BC8109}"
EndProject
Project("{FAE04EC0-301F-11D3-BF4B-00C04F79EFBC}") = "Kavita.Email", "Kavita.Email\Kavita.Email.csproj", "{F8D20870-B1F2-408F-B454-BA55C42E5FEF}"
EndProject
Project("{FAE04EC0-301F-11D3-BF4B-00C04F79EFBC}") = "Kavita.Models.Tests", "Kavita.Models.Tests\Kavita.Models.Tests.csproj", "{CB063352-3585-408D-B2E8-9A4E03FF60AA}"
EndProject
Project("{FAE04EC0-301F-11D3-BF4B-00C04F79EFBC}") = "Kavita.Server", "Kavita.Server\Kavita.Server.csproj", "{445E5AED-B880-4AD3-A875-871D94295BF9}"
EndProject
Project("{FAE04EC0-301F-11D3-BF4B-00C04F79EFBC}") = "Kavita.Server.Tests", "Kavita.Server.Tests\Kavita.Server.Tests.csproj", "{219F5FDC-0113-4644-9ED3-3C9506561A6D}"
EndProject
Project("{FAE04EC0-301F-11D3-BF4B-00C04F79EFBC}") = "Kavita.Services.Tests", "Kavita.Services.Tests\Kavita.Services.Tests.csproj", "{9BBBECB3-C512-4B52-B7A0-BFBBE5978A6B}"
EndProject
Global
	GlobalSection(SolutionConfigurationPlatforms) = preSolution
		Debug|Any CPU = Debug|Any CPU
		Debug|x64 = Debug|x64
		Debug|x86 = Debug|x86
		Release|Any CPU = Release|Any CPU
		Release|x64 = Release|x64
		Release|x86 = Release|x86
	EndGlobalSection
	GlobalSection(ProjectConfigurationPlatforms) = postSolution
		{165A86F5-9E74-4C05-9305-A6F0BA32C9EE}.Debug|Any CPU.ActiveCfg = Debug|Any CPU
		{165A86F5-9E74-4C05-9305-A6F0BA32C9EE}.Debug|Any CPU.Build.0 = Debug|Any CPU
		{165A86F5-9E74-4C05-9305-A6F0BA32C9EE}.Debug|x64.ActiveCfg = Debug|Any CPU
		{165A86F5-9E74-4C05-9305-A6F0BA32C9EE}.Debug|x64.Build.0 = Debug|Any CPU
		{165A86F5-9E74-4C05-9305-A6F0BA32C9EE}.Debug|x86.ActiveCfg = Debug|Any CPU
		{165A86F5-9E74-4C05-9305-A6F0BA32C9EE}.Debug|x86.Build.0 = Debug|Any CPU
		{165A86F5-9E74-4C05-9305-A6F0BA32C9EE}.Release|Any CPU.ActiveCfg = Release|Any CPU
		{165A86F5-9E74-4C05-9305-A6F0BA32C9EE}.Release|Any CPU.Build.0 = Release|Any CPU
		{165A86F5-9E74-4C05-9305-A6F0BA32C9EE}.Release|x64.ActiveCfg = Release|Any CPU
		{165A86F5-9E74-4C05-9305-A6F0BA32C9EE}.Release|x64.Build.0 = Release|Any CPU
		{165A86F5-9E74-4C05-9305-A6F0BA32C9EE}.Release|x86.ActiveCfg = Release|Any CPU
		{165A86F5-9E74-4C05-9305-A6F0BA32C9EE}.Release|x86.Build.0 = Release|Any CPU
		{EE9A11A3-13B4-4F9D-88E4-6F5B64AC7D33}.Debug|Any CPU.ActiveCfg = Debug|Any CPU
		{EE9A11A3-13B4-4F9D-88E4-6F5B64AC7D33}.Debug|Any CPU.Build.0 = Debug|Any CPU
		{EE9A11A3-13B4-4F9D-88E4-6F5B64AC7D33}.Debug|x64.ActiveCfg = Debug|Any CPU
		{EE9A11A3-13B4-4F9D-88E4-6F5B64AC7D33}.Debug|x64.Build.0 = Debug|Any CPU
		{EE9A11A3-13B4-4F9D-88E4-6F5B64AC7D33}.Debug|x86.ActiveCfg = Debug|Any CPU
		{EE9A11A3-13B4-4F9D-88E4-6F5B64AC7D33}.Debug|x86.Build.0 = Debug|Any CPU
		{EE9A11A3-13B4-4F9D-88E4-6F5B64AC7D33}.Release|Any CPU.ActiveCfg = Release|Any CPU
		{EE9A11A3-13B4-4F9D-88E4-6F5B64AC7D33}.Release|Any CPU.Build.0 = Release|Any CPU
		{EE9A11A3-13B4-4F9D-88E4-6F5B64AC7D33}.Release|x64.ActiveCfg = Release|Any CPU
		{EE9A11A3-13B4-4F9D-88E4-6F5B64AC7D33}.Release|x64.Build.0 = Release|Any CPU
		{EE9A11A3-13B4-4F9D-88E4-6F5B64AC7D33}.Release|x86.ActiveCfg = Release|Any CPU
		{EE9A11A3-13B4-4F9D-88E4-6F5B64AC7D33}.Release|x86.Build.0 = Release|Any CPU
		{CD8DDFB7-2B7B-4B0A-8424-60E0B349CED0}.Debug|Any CPU.ActiveCfg = Debug|Any CPU
		{CD8DDFB7-2B7B-4B0A-8424-60E0B349CED0}.Debug|Any CPU.Build.0 = Debug|Any CPU
		{CD8DDFB7-2B7B-4B0A-8424-60E0B349CED0}.Debug|x64.ActiveCfg = Debug|Any CPU
		{CD8DDFB7-2B7B-4B0A-8424-60E0B349CED0}.Debug|x64.Build.0 = Debug|Any CPU
		{CD8DDFB7-2B7B-4B0A-8424-60E0B349CED0}.Debug|x86.ActiveCfg = Debug|Any CPU
		{CD8DDFB7-2B7B-4B0A-8424-60E0B349CED0}.Debug|x86.Build.0 = Debug|Any CPU
		{CD8DDFB7-2B7B-4B0A-8424-60E0B349CED0}.Release|Any CPU.ActiveCfg = Release|Any CPU
		{CD8DDFB7-2B7B-4B0A-8424-60E0B349CED0}.Release|Any CPU.Build.0 = Release|Any CPU
		{CD8DDFB7-2B7B-4B0A-8424-60E0B349CED0}.Release|x64.ActiveCfg = Release|Any CPU
		{CD8DDFB7-2B7B-4B0A-8424-60E0B349CED0}.Release|x64.Build.0 = Release|Any CPU
		{CD8DDFB7-2B7B-4B0A-8424-60E0B349CED0}.Release|x86.ActiveCfg = Release|Any CPU
		{CD8DDFB7-2B7B-4B0A-8424-60E0B349CED0}.Release|x86.Build.0 = Release|Any CPU
		{F1A897D2-11E3-4193-A8C8-641318E06086}.Debug|Any CPU.ActiveCfg = Debug|Any CPU
		{F1A897D2-11E3-4193-A8C8-641318E06086}.Debug|Any CPU.Build.0 = Debug|Any CPU
		{F1A897D2-11E3-4193-A8C8-641318E06086}.Debug|x64.ActiveCfg = Debug|Any CPU
		{F1A897D2-11E3-4193-A8C8-641318E06086}.Debug|x64.Build.0 = Debug|Any CPU
		{F1A897D2-11E3-4193-A8C8-641318E06086}.Debug|x86.ActiveCfg = Debug|Any CPU
		{F1A897D2-11E3-4193-A8C8-641318E06086}.Debug|x86.Build.0 = Debug|Any CPU
		{F1A897D2-11E3-4193-A8C8-641318E06086}.Release|Any CPU.ActiveCfg = Release|Any CPU
		{F1A897D2-11E3-4193-A8C8-641318E06086}.Release|Any CPU.Build.0 = Release|Any CPU
		{F1A897D2-11E3-4193-A8C8-641318E06086}.Release|x64.ActiveCfg = Release|Any CPU
		{F1A897D2-11E3-4193-A8C8-641318E06086}.Release|x64.Build.0 = Release|Any CPU
		{F1A897D2-11E3-4193-A8C8-641318E06086}.Release|x86.ActiveCfg = Release|Any CPU
		{F1A897D2-11E3-4193-A8C8-641318E06086}.Release|x86.Build.0 = Release|Any CPU
		{B997BBF5-4935-477A-8D81-821A45DD8AEC}.Debug|Any CPU.ActiveCfg = Debug|Any CPU
		{B997BBF5-4935-477A-8D81-821A45DD8AEC}.Debug|Any CPU.Build.0 = Debug|Any CPU
		{B997BBF5-4935-477A-8D81-821A45DD8AEC}.Debug|x64.ActiveCfg = Debug|Any CPU
		{B997BBF5-4935-477A-8D81-821A45DD8AEC}.Debug|x64.Build.0 = Debug|Any CPU
		{B997BBF5-4935-477A-8D81-821A45DD8AEC}.Debug|x86.ActiveCfg = Debug|Any CPU
		{B997BBF5-4935-477A-8D81-821A45DD8AEC}.Debug|x86.Build.0 = Debug|Any CPU
		{B997BBF5-4935-477A-8D81-821A45DD8AEC}.Release|Any CPU.ActiveCfg = Release|Any CPU
		{B997BBF5-4935-477A-8D81-821A45DD8AEC}.Release|Any CPU.Build.0 = Release|Any CPU
		{B997BBF5-4935-477A-8D81-821A45DD8AEC}.Release|x64.ActiveCfg = Release|Any CPU
		{B997BBF5-4935-477A-8D81-821A45DD8AEC}.Release|x64.Build.0 = Release|Any CPU
		{B997BBF5-4935-477A-8D81-821A45DD8AEC}.Release|x86.ActiveCfg = Release|Any CPU
		{B997BBF5-4935-477A-8D81-821A45DD8AEC}.Release|x86.Build.0 = Release|Any CPU
		{A39C2D28-E492-4609-90A7-A8EB33A0933A}.Debug|Any CPU.ActiveCfg = Debug|Any CPU
		{A39C2D28-E492-4609-90A7-A8EB33A0933A}.Debug|Any CPU.Build.0 = Debug|Any CPU
		{A39C2D28-E492-4609-90A7-A8EB33A0933A}.Debug|x64.ActiveCfg = Debug|Any CPU
		{A39C2D28-E492-4609-90A7-A8EB33A0933A}.Debug|x64.Build.0 = Debug|Any CPU
		{A39C2D28-E492-4609-90A7-A8EB33A0933A}.Debug|x86.ActiveCfg = Debug|Any CPU
		{A39C2D28-E492-4609-90A7-A8EB33A0933A}.Debug|x86.Build.0 = Debug|Any CPU
		{A39C2D28-E492-4609-90A7-A8EB33A0933A}.Release|Any CPU.ActiveCfg = Release|Any CPU
		{A39C2D28-E492-4609-90A7-A8EB33A0933A}.Release|Any CPU.Build.0 = Release|Any CPU
		{A39C2D28-E492-4609-90A7-A8EB33A0933A}.Release|x64.ActiveCfg = Release|Any CPU
		{A39C2D28-E492-4609-90A7-A8EB33A0933A}.Release|x64.Build.0 = Release|Any CPU
		{A39C2D28-E492-4609-90A7-A8EB33A0933A}.Release|x86.ActiveCfg = Release|Any CPU
		{A39C2D28-E492-4609-90A7-A8EB33A0933A}.Release|x86.Build.0 = Release|Any CPU
		{B12ABD71-5079-4AD1-B777-8911E062D966}.Debug|Any CPU.ActiveCfg = Debug|Any CPU
		{B12ABD71-5079-4AD1-B777-8911E062D966}.Debug|Any CPU.Build.0 = Debug|Any CPU
		{B12ABD71-5079-4AD1-B777-8911E062D966}.Debug|x64.ActiveCfg = Debug|Any CPU
		{B12ABD71-5079-4AD1-B777-8911E062D966}.Debug|x64.Build.0 = Debug|Any CPU
		{B12ABD71-5079-4AD1-B777-8911E062D966}.Debug|x86.ActiveCfg = Debug|Any CPU
		{B12ABD71-5079-4AD1-B777-8911E062D966}.Debug|x86.Build.0 = Debug|Any CPU
		{B12ABD71-5079-4AD1-B777-8911E062D966}.Release|Any CPU.ActiveCfg = Release|Any CPU
		{B12ABD71-5079-4AD1-B777-8911E062D966}.Release|Any CPU.Build.0 = Release|Any CPU
		{B12ABD71-5079-4AD1-B777-8911E062D966}.Release|x64.ActiveCfg = Release|Any CPU
		{B12ABD71-5079-4AD1-B777-8911E062D966}.Release|x64.Build.0 = Release|Any CPU
		{B12ABD71-5079-4AD1-B777-8911E062D966}.Release|x86.ActiveCfg = Release|Any CPU
		{B12ABD71-5079-4AD1-B777-8911E062D966}.Release|x86.Build.0 = Release|Any CPU
		{7750FE50-5EAF-412E-AF2E-570E53BC8109}.Debug|Any CPU.ActiveCfg = Debug|Any CPU
		{7750FE50-5EAF-412E-AF2E-570E53BC8109}.Debug|Any CPU.Build.0 = Debug|Any CPU
		{7750FE50-5EAF-412E-AF2E-570E53BC8109}.Debug|x64.ActiveCfg = Debug|Any CPU
		{7750FE50-5EAF-412E-AF2E-570E53BC8109}.Debug|x64.Build.0 = Debug|Any CPU
		{7750FE50-5EAF-412E-AF2E-570E53BC8109}.Debug|x86.ActiveCfg = Debug|Any CPU
		{7750FE50-5EAF-412E-AF2E-570E53BC8109}.Debug|x86.Build.0 = Debug|Any CPU
		{7750FE50-5EAF-412E-AF2E-570E53BC8109}.Release|Any CPU.ActiveCfg = Release|Any CPU
		{7750FE50-5EAF-412E-AF2E-570E53BC8109}.Release|Any CPU.Build.0 = Release|Any CPU
		{7750FE50-5EAF-412E-AF2E-570E53BC8109}.Release|x64.ActiveCfg = Release|Any CPU
		{7750FE50-5EAF-412E-AF2E-570E53BC8109}.Release|x64.Build.0 = Release|Any CPU
		{7750FE50-5EAF-412E-AF2E-570E53BC8109}.Release|x86.ActiveCfg = Release|Any CPU
		{7750FE50-5EAF-412E-AF2E-570E53BC8109}.Release|x86.Build.0 = Release|Any CPU
		{F8D20870-B1F2-408F-B454-BA55C42E5FEF}.Debug|Any CPU.ActiveCfg = Debug|Any CPU
		{F8D20870-B1F2-408F-B454-BA55C42E5FEF}.Debug|Any CPU.Build.0 = Debug|Any CPU
		{F8D20870-B1F2-408F-B454-BA55C42E5FEF}.Debug|x64.ActiveCfg = Debug|Any CPU
		{F8D20870-B1F2-408F-B454-BA55C42E5FEF}.Debug|x64.Build.0 = Debug|Any CPU
		{F8D20870-B1F2-408F-B454-BA55C42E5FEF}.Debug|x86.ActiveCfg = Debug|Any CPU
		{F8D20870-B1F2-408F-B454-BA55C42E5FEF}.Debug|x86.Build.0 = Debug|Any CPU
		{F8D20870-B1F2-408F-B454-BA55C42E5FEF}.Release|Any CPU.ActiveCfg = Release|Any CPU
		{F8D20870-B1F2-408F-B454-BA55C42E5FEF}.Release|Any CPU.Build.0 = Release|Any CPU
		{F8D20870-B1F2-408F-B454-BA55C42E5FEF}.Release|x64.ActiveCfg = Release|Any CPU
		{F8D20870-B1F2-408F-B454-BA55C42E5FEF}.Release|x64.Build.0 = Release|Any CPU
		{F8D20870-B1F2-408F-B454-BA55C42E5FEF}.Release|x86.ActiveCfg = Release|Any CPU
		{F8D20870-B1F2-408F-B454-BA55C42E5FEF}.Release|x86.Build.0 = Release|Any CPU
		{CB063352-3585-408D-B2E8-9A4E03FF60AA}.Debug|Any CPU.ActiveCfg = Debug|Any CPU
		{CB063352-3585-408D-B2E8-9A4E03FF60AA}.Debug|Any CPU.Build.0 = Debug|Any CPU
		{CB063352-3585-408D-B2E8-9A4E03FF60AA}.Debug|x64.ActiveCfg = Debug|Any CPU
		{CB063352-3585-408D-B2E8-9A4E03FF60AA}.Debug|x64.Build.0 = Debug|Any CPU
		{CB063352-3585-408D-B2E8-9A4E03FF60AA}.Debug|x86.ActiveCfg = Debug|Any CPU
		{CB063352-3585-408D-B2E8-9A4E03FF60AA}.Debug|x86.Build.0 = Debug|Any CPU
		{CB063352-3585-408D-B2E8-9A4E03FF60AA}.Release|Any CPU.ActiveCfg = Release|Any CPU
		{CB063352-3585-408D-B2E8-9A4E03FF60AA}.Release|Any CPU.Build.0 = Release|Any CPU
		{CB063352-3585-408D-B2E8-9A4E03FF60AA}.Release|x64.ActiveCfg = Release|Any CPU
		{CB063352-3585-408D-B2E8-9A4E03FF60AA}.Release|x64.Build.0 = Release|Any CPU
		{CB063352-3585-408D-B2E8-9A4E03FF60AA}.Release|x86.ActiveCfg = Release|Any CPU
		{CB063352-3585-408D-B2E8-9A4E03FF60AA}.Release|x86.Build.0 = Release|Any CPU
		{445E5AED-B880-4AD3-A875-871D94295BF9}.Debug|Any CPU.ActiveCfg = Debug|Any CPU
		{445E5AED-B880-4AD3-A875-871D94295BF9}.Debug|Any CPU.Build.0 = Debug|Any CPU
		{445E5AED-B880-4AD3-A875-871D94295BF9}.Debug|x64.ActiveCfg = Debug|Any CPU
		{445E5AED-B880-4AD3-A875-871D94295BF9}.Debug|x64.Build.0 = Debug|Any CPU
		{445E5AED-B880-4AD3-A875-871D94295BF9}.Debug|x86.ActiveCfg = Debug|Any CPU
		{445E5AED-B880-4AD3-A875-871D94295BF9}.Debug|x86.Build.0 = Debug|Any CPU
		{445E5AED-B880-4AD3-A875-871D94295BF9}.Release|Any CPU.ActiveCfg = Release|Any CPU
		{445E5AED-B880-4AD3-A875-871D94295BF9}.Release|Any CPU.Build.0 = Release|Any CPU
		{445E5AED-B880-4AD3-A875-871D94295BF9}.Release|x64.ActiveCfg = Release|Any CPU
		{445E5AED-B880-4AD3-A875-871D94295BF9}.Release|x64.Build.0 = Release|Any CPU
		{445E5AED-B880-4AD3-A875-871D94295BF9}.Release|x86.ActiveCfg = Release|Any CPU
		{445E5AED-B880-4AD3-A875-871D94295BF9}.Release|x86.Build.0 = Release|Any CPU
		{219F5FDC-0113-4644-9ED3-3C9506561A6D}.Debug|Any CPU.ActiveCfg = Debug|Any CPU
		{219F5FDC-0113-4644-9ED3-3C9506561A6D}.Debug|Any CPU.Build.0 = Debug|Any CPU
		{219F5FDC-0113-4644-9ED3-3C9506561A6D}.Debug|x64.ActiveCfg = Debug|Any CPU
		{219F5FDC-0113-4644-9ED3-3C9506561A6D}.Debug|x64.Build.0 = Debug|Any CPU
		{219F5FDC-0113-4644-9ED3-3C9506561A6D}.Debug|x86.ActiveCfg = Debug|Any CPU
		{219F5FDC-0113-4644-9ED3-3C9506561A6D}.Debug|x86.Build.0 = Debug|Any CPU
		{219F5FDC-0113-4644-9ED3-3C9506561A6D}.Release|Any CPU.ActiveCfg = Release|Any CPU
		{219F5FDC-0113-4644-9ED3-3C9506561A6D}.Release|Any CPU.Build.0 = Release|Any CPU
		{219F5FDC-0113-4644-9ED3-3C9506561A6D}.Release|x64.ActiveCfg = Release|Any CPU
		{219F5FDC-0113-4644-9ED3-3C9506561A6D}.Release|x64.Build.0 = Release|Any CPU
		{219F5FDC-0113-4644-9ED3-3C9506561A6D}.Release|x86.ActiveCfg = Release|Any CPU
		{219F5FDC-0113-4644-9ED3-3C9506561A6D}.Release|x86.Build.0 = Release|Any CPU
		{9BBBECB3-C512-4B52-B7A0-BFBBE5978A6B}.Debug|Any CPU.ActiveCfg = Debug|Any CPU
		{9BBBECB3-C512-4B52-B7A0-BFBBE5978A6B}.Debug|Any CPU.Build.0 = Debug|Any CPU
		{9BBBECB3-C512-4B52-B7A0-BFBBE5978A6B}.Debug|x64.ActiveCfg = Debug|Any CPU
		{9BBBECB3-C512-4B52-B7A0-BFBBE5978A6B}.Debug|x64.Build.0 = Debug|Any CPU
		{9BBBECB3-C512-4B52-B7A0-BFBBE5978A6B}.Debug|x86.ActiveCfg = Debug|Any CPU
		{9BBBECB3-C512-4B52-B7A0-BFBBE5978A6B}.Debug|x86.Build.0 = Debug|Any CPU
		{9BBBECB3-C512-4B52-B7A0-BFBBE5978A6B}.Release|Any CPU.ActiveCfg = Release|Any CPU
		{9BBBECB3-C512-4B52-B7A0-BFBBE5978A6B}.Release|Any CPU.Build.0 = Release|Any CPU
		{9BBBECB3-C512-4B52-B7A0-BFBBE5978A6B}.Release|x64.ActiveCfg = Release|Any CPU
		{9BBBECB3-C512-4B52-B7A0-BFBBE5978A6B}.Release|x64.Build.0 = Release|Any CPU
		{9BBBECB3-C512-4B52-B7A0-BFBBE5978A6B}.Release|x86.ActiveCfg = Release|Any CPU
		{9BBBECB3-C512-4B52-B7A0-BFBBE5978A6B}.Release|x86.Build.0 = Release|Any CPU
	EndGlobalSection
	GlobalSection(SolutionProperties) = preSolution
		HideSolutionNode = FALSE
	EndGlobalSection
EndGlobal
